
Microsoft Visual Studio Solution File, Format Version 12.00
# Visual Studio Version 17
VisualStudioVersion = 17.3.32825.248
MinimumVisualStudioVersion = 10.0.40219.1
Project("{9A19103F-16F7-4668-BE54-9A1E7A4F7556}") = "PayrollApi", "PayrollApi.csproj", "{4027FD57-C18C-4EF8-9EC1-26765C54E822}"
EndProject
Project("{9A19103F-16F7-4668-BE54-9A1E7A4F7556}") = "Contracts", "..\Contracts\Contracts.csproj", "{5940D41A-6CBD-4FB9-8DCB-143896E323D6}"
EndProject
Project("{9A19103F-16F7-4668-BE54-9A1E7A4F7556}") = "LoggerService", "..\LoggerService\LoggerService.csproj", "{83F00C49-F9F2-4D13-9E6F-92E59EC51747}"
EndProject
Project("{FAE04EC0-301F-11D3-BF4B-00C04F79EFBC}") = "Entities", "..\Entities\Entities.csproj", "{624128DA-652C-4D6C-ABDA-627967D3D212}"
EndProject
Project("{FAE04EC0-301F-11D3-BF4B-00C04F79EFBC}") = "Repository", "..\Repository\Repository.csproj", "{304C86D3-95A2-45EB-8264-7706782DD816}"
EndProject
Global
	GlobalSection(SolutionConfigurationPlatforms) = preSolution
		Debug|Any CPU = Debug|Any CPU
		Release|Any CPU = Release|Any CPU
	EndGlobalSection
	GlobalSection(ProjectConfigurationPlatforms) = postSolution
		{4027FD57-C18C-4EF8-9EC1-26765C54E822}.Debug|Any CPU.ActiveCfg = Debug|Any CPU
		{4027FD57-C18C-4EF8-9EC1-26765C54E822}.Debug|Any CPU.Build.0 = Debug|Any CPU
		{4027FD57-C18C-4EF8-9EC1-26765C54E822}.Release|Any CPU.ActiveCfg = Release|Any CPU
		{4027FD57-C18C-4EF8-9EC1-26765C54E822}.Release|Any CPU.Build.0 = Release|Any CPU
		{5940D41A-6CBD-4FB9-8DCB-143896E323D6}.Debug|Any CPU.ActiveCfg = Debug|Any CPU
		{5940D41A-6CBD-4FB9-8DCB-143896E323D6}.Debug|Any CPU.Build.0 = Debug|Any CPU
		{5940D41A-6CBD-4FB9-8DCB-143896E323D6}.Release|Any CPU.ActiveCfg = Release|Any CPU
		{5940D41A-6CBD-4FB9-8DCB-143896E323D6}.Release|Any CPU.Build.0 = Release|Any CPU
		{83F00C49-F9F2-4D13-9E6F-92E59EC51747}.Debug|Any CPU.ActiveCfg = Debug|Any CPU
		{83F00C49-F9F2-4D13-9E6F-92E59EC51747}.Debug|Any CPU.Build.0 = Debug|Any CPU
		{83F00C49-F9F2-4D13-9E6F-92E59EC51747}.Release|Any CPU.ActiveCfg = Release|Any CPU
		{83F00C49-F9F2-4D13-9E6F-92E59EC51747}.Release|Any CPU.Build.0 = Release|Any CPU
		{624128DA-652C-4D6C-ABDA-627967D3D212}.Debug|Any CPU.ActiveCfg = Debug|Any CPU
		{624128DA-652C-4D6C-ABDA-627967D3D212}.Debug|Any CPU.Build.0 = Debug|Any CPU
		{624128DA-652C-4D6C-ABDA-627967D3D212}.Release|Any CPU.ActiveCfg = Release|Any CPU
		{624128DA-652C-4D6C-ABDA-627967D3D212}.Release|Any CPU.Build.0 = Release|Any CPU
		{304C86D3-95A2-45EB-8264-7706782DD816}.Debug|Any CPU.ActiveCfg = Debug|Any CPU
		{304C86D3-95A2-45EB-8264-7706782DD816}.Debug|Any CPU.Build.0 = Debug|Any CPU
		{304C86D3-95A2-45EB-8264-7706782DD816}.Release|Any CPU.ActiveCfg = Release|Any CPU
		{304C86D3-95A2-45EB-8264-7706782DD816}.Release|Any CPU.Build.0 = Release|Any CPU
	EndGlobalSection
	GlobalSection(SolutionProperties) = preSolution
		HideSolutionNode = FALSE
	EndGlobalSection
	GlobalSection(ExtensibilityGlobals) = postSolution
		SolutionGuid = {E19AB18B-370B-4299-AC20-8C3BCDD02306}
	EndGlobalSection
EndGlobal
